{
  "name": "electron-local-storage",
  "version": "1.0.0",
  "lockfileVersion": 1,
  "requires": true,
  "dependencies": {
    "on-change": {
      "version": "3.0.2",
      "resolved": "https://registry.npmjs.org/on-change/-/on-change-3.0.2.tgz",
      "integrity": "sha512-rdt5YfIfo86aFNwvQqzzHMpaPPyVQ/XjcGK01d46chZh47G8Xzvoao79SgFb03GZfxRGREzNQVJuo31drqyIlA=="
    }
  }
}
